dappco.re/go v0.9.0 h1:4ruZRNqKDDva8o6g65tYggjGVe42E6/lMZfVKXtr3p0=
dappco.re/go v0.9.0/go.mod h1:xapr7fLK4/9Pu2iSCr4qZuIuatmtx1j56zS/oPDbGyQ=
dappco.re/go/core v0.8.0-alpha.1 h1:gj7+Scv+L63Z7wMxbJYHhaRFkHJo2u4MMPuUSv/Dhtk=
dappco.re/go/core v0.8.0-alpha.1/go.mod h1:f2/tBZ3+3IqDrg2F5F598llv0nmb/4gJVCFzM5geE4A=
github.com/dAppCore/go-inference v0.8.0-alpha.1 h1:feRcT6vRelon8j1tQfg2ZrD7Y3vLjydVeHMbeVlyxJ0=
github.com/dAppCore/go-inference v0.8.0-alpha.1/go.mod h1:rfNXLcfMilEI3nKpcdrC0PQKyUyaf6bDYseowgRwDP8=
github.com/dAppCore/go-io v0.8.0-alpha.1 h1:DWmaksBY7FpwoQnRHYDN/yPCGLMR794D8OcNdk0RyB8=
github.com/dAppCore/go-io v0.8.0-alpha.1/go.mod h1:491Lt0LOTK4/88EGWVWhrACuXAoxPXvXYu/iIwYc9C0=
github.com/davecgh/go-spew v1.1.2-0.20180830191138-d8f796af33cc h1:U9qPSI2PIWSS1VwoXQT9A3Wy9MM3WgvqSxFWenqJduM=
github.com/davecgh/go-spew v1.1.2-0.20180830191138-d8f796af33cc/go.mod h1:J7Y8YcW2NihsgmVo/mv3lAwl/skON4iLHjSsI+c5H38=
github.com/pmezard/go-difflib v1.0.1-0.20181226105442-5d4384ee4fb2 h1:Jamvg5psRIccs7FGNTlIRMkT8wgtp5eCXdBlqhYGL6U=
github.com/pmezard/go-difflib v1.0.1-0.20181226105442-5d4384ee4fb2/go.mod h1:iKH77koFhYxTK1pcRnkKkqfTogsbg7gZNVY4sRDYZ/4=
github.com/stretchr/testify v1.11.1 h1:7s2iGBzp5EwR7/aIZr8ao5+dra3wiQyKjjFuvgVKu7U=
github.com/stretchr/testify v1.11.1/go.mod h1:wZwfW3scLgRK+23gO65QZefKpKQRnfz6sD981Nm4B6U=
gopkg.in/yaml.v3 v3.0.1 h1:fxVm/GzAzEWqLHuvctI91KS9hhNmmWOoWu0XTYJS7CA=
gopkg.in/yaml.v3 v3.0.1/go.mod h1:K4uyk7z7BCEPqu6E+C64Yfv1cQ7kz7rIZviUmN+EgEM=
